// !$*UTF8*$!
{
	archiveVersion = 1;
	classes = {
	};
	objectVersion = 46;
	objects = {

/* Begin PBXBuildFile section */
		AE54FA6718C5B52D0081F60D /* Foundation.framework in Frameworks */ = {isa = PBXBuildFile; fileRef = AE54FA6618C5B52D0081F60D /* Foundation.framework */; };
		AE54FA6918C5B52D0081F60D /* CoreGraphics.framework in Frameworks */ = {isa = PBXBuildFile; fileRef = AE54FA6818C5B52D0081F60D /* CoreGraphics.framework */; };
		AE54FA6B18C5B52D0081F60D /* UIKit.framework in Frameworks */ = {isa = PBXBuildFile; fileRef = AE54FA6A18C5B52D0081F60D /* UIKit.framework */; };
		AE54FA7118C5B52D0081F60D /* InfoPlist.strings in Resources */ = {isa = PBXBuildFile; fileRef = AE54FA6F18C5B52D0081F60D /* InfoPlist.strings */; };
		AE54FA7318C5B52D0081F60D /* main.m in Sources */ = {isa = PBXBuildFile; fileRef = AE54FA7218C5B52D0081F60D /* main.m */; };
		AE54FA7718C5B52D0081F60D /* AppDelegate.m in Sources */ = {isa = PBXBuildFile; fileRef = AE54FA7618C5B52D0081F60D /* AppDelegate.m */; };
		AE54FA7A18C5B52D0081F60D /* Main.storyboard in Resources */ = {isa = PBXBuildFile; fileRef = AE54FA7818C5B52D0081F60D /* Main.storyboard */; };
		AE54FA7D18C5B52D0081F60D /* ViewController.m in Sources */ = {isa = PBXBuildFile; fileRef = AE54FA7C18C5B52D0081F60D /* ViewController.m */; };
		AE54FA7F18C5B52D0081F60D /* Images.xcassets in Resources */ = {isa = PBXBuildFile; fileRef = AE54FA7E18C5B52D0081F60D /* Images.xcassets */; };
		AE54FA8618C5B52D0081F60D /* XCTest.framework in Frameworks */ = {isa = PBXBuildFile; fileRef = AE54FA8518C5B52D0081F60D /* XCTest.framework */; };
		AE54FA8718C5B52D0081F60D /* Foundation.framework in Frameworks */ = {isa = PBXBuildFile; fileRef = AE54FA6618C5B52D0081F60D /* Foundation.framework */; };
		AE54FA8818C5B52D0081F60D /* UIKit.framework in Frameworks */ = {isa = PBXBuildFile; fileRef = AE54FA6A18C5B52D0081F60D /* UIKit.framework */; };
		AE54FA9018C5B52D0081F60D /* InfoPlist.strings in Resources */ = {isa = PBXBuildFile; fileRef = AE54FA8E18C5B52D0081F60D /* InfoPlist.strings */; };
		AE54FA9218C5B52D0081F60D /* MultiSceneTests.m in Sources */ = {isa = PBXBuildFile; fileRef = AE54FA9118C5B52D0081F60D /* MultiSceneTests.m */; };
		AE54FA9D18C5E9E50081F60D /* EditorViewController.m in Sources */ = {isa = PBXBuildFile; fileRef = AE54FA9C18C5E9E50081F60D /* EditorViewController.m */; };
/* End PBXBuildFile section */

/* Begin PBXContainerItemProxy section */
		AE54FA8918C5B52D0081F60D /* PBXContainerItemProxy */ = {
			isa = PBXContainerItemProxy;
			containerPortal = AE54FA5B18C5B52D0081F60D /* Project object */;
			proxyType = 1;
			remoteGlobalIDString = AE54FA6218C5B52D0081F60D;
			remoteInfo = MultiScene;
		};
/* End PBXContainerItemProxy section */

/* Begin PBXFileReference section */
		AE54FA6318C5B52D0081F60D /* MultiScene.app */ = {isa = PBXFileReference; explicitFileType = wrapper.application; includeInIndex = 0; path = MultiScene.app; sourceTree = BUILT_PRODUCTS_DIR; };
		AE54FA6618C5B52D0081F60D /* Foundation.framework */ = {isa = PBXFileReference; lastKnownFileType = wrapper.framework; name = Foundation.framework; path = System/Library/Frameworks/Foundation.framework; sourceTree = SDKROOT; };
		AE54FA6818C5B52D0081F60D /* CoreGraphics.framework */ = {isa = PBXFileReference; lastKnownFileType = wrapper.framework; name = CoreGraphics.framework; path = System/Library/Frameworks/CoreGraphics.framework; sourceTree = SDKROOT; };
		AE54FA6A18C5B52D0081F60D /* UIKit.framework */ = {isa = PBXFileReference; lastKnownFileType = wrapper.framework; name = UIKit.framework; path = System/Library/Frameworks/UIKit.framework; sourceTree = SDKROOT; };
		AE54FA6E18C5B52D0081F60D /* MultiScene-Info.plist */ = {isa = PBXFileReference; lastKnownFileType = text.plist.xml; path = "MultiScene-Info.plist"; sourceTree = "<group>"; };
		AE54FA7018C5B52D0081F60D /* en */ = {isa = PBXFileReference; lastKnownFileType = text.plist.strings; name = en; path = en.lproj/InfoPlist.strings; sourceTree = "<group>"; };
		AE54FA7218C5B52D0081F60D /* main.m */ = {isa = PBXFileReference; lastKnownFileType = sourcecode.c.objc; path = main.m; sourceTree = "<group>"; };
		AE54FA7418C5B52D0081F60D /* MultiScene-Prefix.pch */ = {isa = PBXFileReference; lastKnownFileType = sourcecode.c.h; path = "MultiScene-Prefix.pch"; sourceTree = "<group>"; };
		AE54FA7518C5B52D0081F60D /* AppDelegate.h */ = {isa = PBXFileReference; lastKnownFileType = sourcecode.c.h; path = AppDelegate.h; sourceTree = "<group>"; };
		AE54FA7618C5B52D0081F60D /* AppDelegate.m */ = {isa = PBXFileReference; lastKnownFileType = sourcecode.c.objc; path = AppDelegate.m; sourceTree = "<group>"; };
		AE54FA7918C5B52D0081F60D /* Base */ = {isa = PBXFileReference; lastKnownFileType = file.storyboard; name = Base; path = Base.lproj/Main.storyboard; sourceTree = "<group>"; };
		AE54FA7B18C5B52D0081F60D /* ViewController.h */ = {isa = PBXFileReference; lastKnownFileType = sourcecode.c.h; path = ViewController.h; sourceTree = "<group>"; };
		AE54FA7C18C5B52D0081F60D /* ViewController.m */ = {isa = PBXFileReference; lastKnownFileType = sourcecode.c.objc; path = ViewController.m; sourceTree = "<group>"; };
		AE54FA7E18C5B52D0081F60D /* Images.xcassets */ = {isa = PBXFileReference; lastKnownFileType = folder.assetcatalog; path = Images.xcassets; sourceTree = "<group>"; };
		AE54FA8418C5B52D0081F60D /* MultiSceneTests.xctest */ = {isa = PBXFileReference; explicitFileType = wrapper.cfbundle; includeInIndex = 0; path = MultiSceneTests.xctest; sourceTree = BUILT_PRODUCTS_DIR; };
		AE54FA8518C5B52D0081F60D /* XCTest.framework */ = {isa = PBXFileReference; lastKnownFileType = wrapper.framework; name = XCTest.framework; path = Library/Frameworks/XCTest.framework; sourceTree = DEVELOPER_DIR; };
		AE54FA8D18C5B52D0081F60D /* MultiSceneTests-Info.plist */ = {isa = PBXFileReference; lastKnownFileType = text.plist.xml; path = "MultiSceneTests-Info.plist"; sourceTree = "<group>"; };
		AE54FA8F18C5B52D0081F60D /* en */ = {isa = PBXFileReference; lastKnownFileType = text.plist.strings; name = en; path = en.lproj/InfoPlist.strings; sourceTree = "<group>"; };
		AE54FA9118C5B52D0081F60D /* MultiSceneTests.m */ = {isa = PBXFileReference; lastKnownFileType = sourcecode.c.objc; path = MultiSceneTests.m; sourceTree = "<group>"; };
		AE54FA9B18C5E9E50081F60D /* EditorViewController.h */ = {isa = PBXFileReference; fileEncoding = 4; lastKnownFileType = sourcecode.c.h; path = EditorViewController.h; sourceTree = "<group>"; };
		AE54FA9C18C5E9E50081F60D /* EditorViewController.m */ = {isa = PBXFileReference; fileEncoding = 4; lastKnownFileType = sourcecode.c.objc; path = EditorViewController.m; sourceTree = "<group>"; };
/* End PBXFileReference section */

/* Begin PBXFrameworksBuildPhase section */
		AE54FA6018C5B52D0081F60D /* Frameworks */ = {
			isa = PBXFrameworksBuildPhase;
			buildActionMask = 2147483647;
			files = (
				AE54FA6918C5B52D0081F60D /* CoreGraphics.framework in Frameworks */,
				AE54FA6B18C5B52D0081F60D /* UIKit.framework in Frameworks */,
				AE54FA6718C5B52D0081F60D /* Foundation.framework in Frameworks */,
			);
			runOnlyForDeploymentPostprocessing = 0;
		};
		AE54FA8118C5B52D0081F60D /* Frameworks */ = {
			isa = PBXFrameworksBuildPhase;
			buildActionMask = 2147483647;
			files = (
				AE54FA8618C5B52D0081F60D /* XCTest.framework in Frameworks */,
				AE54FA8818C5B52D0081F60D /* UIKit.framework in Frameworks */,
				AE54FA8718C5B52D0081F60D /* Foundation.framework in Frameworks */,
			);
			runOnlyForDeploymentPostprocessing = 0;
		};
/* End PBXFrameworksBuildPhase section */

/* Begin PBXGroup section */
		AE54FA5A18C5B52D0081F60D = {
			isa = PBXGroup;
			children = (
				AE54FA6C18C5B52D0081F60D /* MultiScene */,
				AE54FA8B18C5B52D0081F60D /* MultiSceneTests */,
				AE54FA6518C5B52D0081F60D /* Frameworks */,
				AE54FA6418C5B52D0081F60D /* Products */,
			);
			sourceTree = "<group>";
		};
		AE54FA6418C5B52D0081F60D /* Products */ = {
			isa = PBXGroup;
			children = (
				AE54FA6318C5B52D0081F60D /* MultiScene.app */,
				AE54FA8418C5B52D0081F60D /* MultiSceneTests.xctest */,
			);
			name = Products;
			sourceTree = "<group>";
		};
		AE54FA6518C5B52D0081F60D /* Frameworks */ = {
			isa = PBXGroup;
			children = (
				AE54FA6618C5B52D0081F60D /* Foundation.framework */,
				AE54FA6818C5B52D0081F60D /* CoreGraphics.framework */,
				AE54FA6A18C5B52D0081F60D /* UIKit.framework */,
				AE54FA8518C5B52D0081F60D /* XCTest.framework */,
			);
			name = Frameworks;
			sourceTree = "<group>";
		};
		AE54FA6C18C5B52D0081F60D /* MultiScene */ = {
			isa = PBXGroup;
			children = (
				AE54FA7518C5B52D0081F60D /* AppDelegate.h */,
				AE54FA7618C5B52D0081F60D /* AppDelegate.m */,
				AE54FA7818C5B52D0081F60D /* Main.storyboard */,
				AE54FA9B18C5E9E50081F60D /* EditorViewController.h */,
				AE54FA9C18C5E9E50081F60D /* EditorViewController.m */,
				AE54FA7B18C5B52D0081F60D /* ViewController.h */,
				AE54FA7C18C5B52D0081F60D /* ViewController.m */,
				AE54FA7E18C5B52D0081F60D /* Images.xcassets */,
				AE54FA6D18C5B52D0081F60D /* Supporting Files */,
			);
			path = MultiScene;
			sourceTree = "<group>";
		};
		AE54FA6D18C5B52D0081F60D /* Supporting Files */ = {
			isa = PBXGroup;
			children = (
				AE54FA6E18C5B52D0081F60D /* MultiScene-Info.plist */,
				AE54FA6F18C5B52D0081F60D /* InfoPlist.strings */,
				AE54FA7218C5B52D0081F60D /* main.m */,
				AE54FA7418C5B52D0081F60D /* MultiScene-Prefix.pch */,
			);
			name = "Supporting Files";
			sourceTree = "<group>";
		};
		AE54FA8B18C5B52D0081F60D /* MultiSceneTests */ = {
			isa = PBXGroup;
			children = (
				AE54FA9118C5B52D0081F60D /* MultiSceneTests.m */,
				AE54FA8C18C5B52D0081F60D /* Supporting Files */,
			);
			path = MultiSceneTests;
			sourceTree = "<group>";
		};
		AE54FA8C18C5B52D0081F60D /* Supporting Files */ = {
			isa = PBXGroup;
			children = (
				AE54FA8D18C5B52D0081F60D /* MultiSceneTests-Info.plist */,
				AE54FA8E18C5B52D0081F60D /* InfoPlist.strings */,
			);
			name = "Supporting Files";
			sourceTree = "<group>";
		};
/* End PBXGroup section */

/* Begin PBXNativeTarget section */
		AE54FA6218C5B52D0081F60D /* MultiScene */ = {
			isa = PBXNativeTarget;
			buildConfigurationList = AE54FA9518C5B52D0081F60D /* Build configuration list for PBXNativeTarget "MultiScene" */;
			buildPhases = (
				AE54FA5F18C5B52D0081F60D /* Sources */,
				AE54FA6018C5B52D0081F60D /* Frameworks */,
				AE54FA6118C5B52D0081F60D /* Resources */,
			);
			buildRules = (
			);
			dependencies = (
			);
			name = MultiScene;
			productName = MultiScene;
			productReference = AE54FA6318C5B52D0081F60D /* MultiScene.app */;
			productType = "com.apple.product-type.application";
		};
		AE54FA8318C5B52D0081F60D /* MultiSceneTests */ = {
			isa = PBXNativeTarget;
			buildConfigurationList = AE54FA9818C5B52D0081F60D /* Build configuration list for PBXNativeTarget "MultiSceneTests" */;
			buildPhases = (
				AE54FA8018C5B52D0081F60D /* Sources */,
				AE54FA8118C5B52D0081F60D /* Frameworks */,
				AE54FA8218C5B52D0081F60D /* Resources */,
			);
			buildRules = (
			);
			dependencies = (
				AE54FA8A18C5B52D0081F60D /* PBXTargetDependency */,
			);
			name = MultiSceneTests;
			productName = MultiSceneTests;
			productReference = AE54FA8418C5B52D0081F60D /* MultiSceneTests.xctest */;
			productType = "com.apple.product-type.bundle.unit-test";
		};
/* End PBXNativeTarget section */

/* Begin PBXProject section */
		AE54FA5B18C5B52D0081F60D /* Project object */ = {
			isa = PBXProject;
			attributes = {
				LastUpgradeCheck = 0500;
				ORGANIZATIONNAME = "Wei Fang";
				TargetAttributes = {
					AE54FA8318C5B52D0081F60D = {
						TestTargetID = AE54FA6218C5B52D0081F60D;
					};
				};
			};
			buildConfigurationList = AE54FA5E18C5B52D0081F60D /* Build configuration list for PBXProject "MultiScene" */;
			compatibilityVersion = "Xcode 3.2";
			developmentRegion = English;
			hasScannedForEncodings = 0;
			knownRegions = (
				en,
				Base,
			);
			mainGroup = AE54FA5A18C5B52D0081F60D;
			productRefGroup = AE54FA6418C5B52D0081F60D /* Products */;
			projectDirPath = "";
			projectRoot = "";
			targets = (
				AE54FA6218C5B52D0081F60D /* MultiScene */,
				AE54FA8318C5B52D0081F60D /* MultiSceneTests */,
			);
		};
/* End PBXProject section */

/* Begin PBXResourcesBuildPhase section */
		AE54FA6118C5B52D0081F60D /* Resources */ = {
			isa = PBXResourcesBuildPhase;
			buildActionMask = 2147483647;
			files = (
				AE54FA7F18C5B52D0081F60D /* Images.xcassets in Resources */,
				AE54FA7118C5B52D0081F60D /* InfoPlist.strings in Resources */,
				AE54FA7A18C5B52D0081F60D /* Main.storyboard in Resources */,
			);
			runOnlyForDeploymentPostprocessing = 0;
		};
		AE54FA8218C5B52D0081F60D /* Resources */ = {
			isa = PBXResourcesBuildPhase;
			buildActionMask = 2147483647;
			files = (
				AE54FA9018C5B52D0081F60D /* InfoPlist.strings in Resources */,
			);
			runOnlyForDeploymentPostprocessing = 0;
		};
/* End PBXResourcesBuildPhase section */

/* Begin PBXSourcesBuildPhase section */
		AE54FA5F18C5B52D0081F60D /* Sources */ = {
			isa = PBXSourcesBuildPhase;
			buildActionMask = 2147483647;
			files = (
				AE54FA7D18C5B52D0081F60D /* ViewController.m in Sources */,
				AE54FA7718C5B52D0081F60D /* AppDelegate.m in Sources */,
				AE54FA7318C5B52D0081F60D /* main.m in Sources */,
				AE54FA9D18C5E9E50081F60D /* EditorViewController.m in Sources */,
			);
			runOnlyForDeploymentPostprocessing = 0;
		};
		AE54FA8018C5B52D0081F60D /* Sources */ = {
			isa = PBXSourcesBuildPhase;
			buildActionMask = 2147483647;
			files = (
				AE54FA9218C5B52D0081F60D /* MultiSceneTests.m in Sources */,
			);
			runOnlyForDeploymentPostprocessing = 0;
		};
/* End PBXSourcesBuildPhase section */

/* Begin PBXTargetDependency section */
		AE54FA8A18C5B52D0081F60D /* PBXTargetDependency */ = {
			isa = PBXTargetDependency;
			target = AE54FA6218C5B52D0081F60D /* MultiScene */;
			targetProxy = AE54FA8918C5B52D0081F60D /* PBXContainerItemProxy */;
		};
/* End PBXTargetDependency section */

/* Begin PBXVariantGroup section */
		AE54FA6F18C5B52D0081F60D /* InfoPlist.strings */ = {
			isa = PBXVariantGroup;
			children = (
				AE54FA7018C5B52D0081F60D /* en */,
			);
			name = InfoPlist.strings;
			sourceTree = "<group>";
		};
		AE54FA7818C5B52D0081F60D /* Main.storyboard */ = {
			isa = PBXVariantGroup;
			children = (
				AE54FA7918C5B52D0081F60D /* Base */,
			);
			name = Main.storyboard;
			sourceTree = "<group>";
		};
		AE54FA8E18C5B52D0081F60D /* InfoPlist.strings */ = {
			isa = PBXVariantGroup;
			children = (
				AE54FA8F18C5B52D0081F60D /* en */,
			);
			name = InfoPlist.strings;
			sourceTree = "<group>";
		};
/* End PBXVariantGroup section */

/* Begin XCBuildConfiguration section */
		AE54FA9318C5B52D0081F60D /* Debug */ = {
			isa = XCBuildConfiguration;
			buildSettings = {
				ALWAYS_SEARCH_USER_PATHS = NO;
				ARCHS = "$(ARCHS_STANDARD_INCLUDING_64_BIT)";
				CLANG_CXX_LANGUAGE_STANDARD = "gnu++0x";
				CLANG_CXX_LIBRARY = "libc++";
				CLANG_ENABLE_MODULES = YES;
				CLANG_ENABLE_OBJC_ARC = YES;
				CLANG_WARN_BOOL_CONVERSION = YES;
				CLANG_WARN_CONSTANT_CONVERSION = YES;
				CLANG_WARN_DIRECT_OBJC_ISA_USAGE = YES_ERROR;
				CLANG_WARN_EMPTY_BODY = YES;
				CLANG_WARN_ENUM_CONVERSION = YES;
				CLANG_WARN_INT_CONVERSION = YES;
				CLANG_WARN_OBJC_ROOT_CLASS = YES_ERROR;
				CLANG_WARN__DUPLICATE_METHOD_MATCH = YES;
				"CODE_SIGN_IDENTITY[sdk=iphoneos*]" = "iPhone Developer";
				COPY_PHASE_STRIP = NO;
				GCC_C_LANGUAGE_STANDARD = gnu99;
				GCC_DYNAMIC_NO_PIC = NO;
				GCC_OPTIMIZATION_LEVEL = 0;
				GCC_PREPROCESSOR_DEFINITIONS = (
					"DEBUG=1",
					"$(inherited)",
				);
				GCC_SYMBOLS_PRIVATE_EXTERN = NO;
				GCC_WARN_64_TO_32_BIT_CONVERSION = YES;
				GCC_WARN_ABOUT_RETURN_TYPE = YES_ERROR;
				GCC_WARN_UNDECLARED_SELECTOR = YES;
				GCC_WARN_UNINITIALIZED_AUTOS = YES;
				GCC_WARN_UNUSED_FUNCTION = YES;
				GCC_WARN_UNUSED_VARIABLE = YES;
				IPHONEOS_DEPLOYMENT_TARGET = 7.0;
				ONLY_ACTIVE_ARCH = YES;
				SDKROOT = iphoneos;
			};
			name = Debug;
		};
		AE54FA9418C5B52D0081F60D /* Release */ = {
			isa = XCBuildConfiguration;
			buildSettings = {
				ALWAYS_SEARCH_USER_PATHS = NO;
				ARCHS = "$(ARCHS_STANDARD_INCLUDING_64_BIT)";
				CLANG_CXX_LANGUAGE_STANDARD = "gnu++0x";
				CLANG_CXX_LIBRARY = "libc++";
				CLANG_ENABLE_MODULES = YES;
				CLANG_ENABLE_OBJC_ARC = YES;
				CLANG_WARN_BOOL_CONVERSION = YES;
				CLANG_WARN_CONSTANT_CONVERSION = YES;
				CLANG_WARN_DIRECT_OBJC_ISA_USAGE = YES_ERROR;
				CLANG_WARN_EMPTY_BODY = YES;
				CLANG_WARN_ENUM_CONVERSION = YES;
				CLANG_WARN_INT_CONVERSION = YES;
				CLANG_WARN_OBJC_ROOT_CLASS = YES_ERROR;
				CLANG_WARN__DUPLICATE_METHOD_MATCH = YES;
				"CODE_SIGN_IDENTITY[sdk=iphoneos*]" = "iPhone Developer";
				COPY_PHASE_STRIP = YES;
				ENABLE_NS_ASSERTIONS = NO;
				GCC_C_LANGUAGE_STANDARD = gnu99;
				GCC_WARN_64_TO_32_BIT_CONVERSION = YES;
				GCC_WARN_ABOUT_RETURN_TYPE = YES_ERROR;
				GCC_WARN_UNDECLARED_SELECTOR = YES;
				GCC_WARN_UNINITIALIZED_AUTOS = YES;
				GCC_WARN_UNUSED_FUNCTION = YES;
				GCC_WARN_UNUSED_VARIABLE = YES;
				IPHONEOS_DEPLOYMENT_TARGET = 7.0;
				SDKROOT = iphoneos;
				VALIDATE_PRODUCT = YES;
			};
			name = Release;
		};
		AE54FA9618C5B52D0081F60D /* Debug */ = {
			isa = XCBuildConfiguration;
			buildSettings = {
				ASSETCATALOG_COMPILER_APPICON_NAME = AppIcon;
				ASSETCATALOG_COMPILER_LAUNCHIMAGE_NAME = LaunchImage;
				GCC_PRECOMPILE_PREFIX_HEADER = YES;
				GCC_PREFIX_HEADER = "MultiScene/MultiScene-Prefix.pch";
				INFOPLIST_FILE = "MultiScene/MultiScene-Info.plist";
				PRODUCT_NAME = "$(TARGET_NAME)";
				WRAPPER_EXTENSION = app;
			};
			name = Debug;
		};
		AE54FA9718C5B52D0081F60D /* Release */ = {
			isa = XCBuildConfiguration;
			buildSettings = {
				ASSETCATALOG_COMPILER_APPICON_NAME = AppIcon;
				ASSETCATALOG_COMPILER_LAUNCHIMAGE_NAME = LaunchImage;
				GCC_PRECOMPILE_PREFIX_HEADER = YES;
				GCC_PREFIX_HEADER = "MultiScene/MultiScene-Prefix.pch";
				INFOPLIST_FILE = "MultiScene/MultiScene-Info.plist";
				PRODUCT_NAME = "$(TARGET_NAME)";
				WRAPPER_EXTENSION = app;
			};
			name = Release;
		};
		AE54FA9918C5B52D0081F60D /* Debug */ = {
			isa = XCBuildConfiguration;
			buildSettings = {
				ARCHS = "$(ARCHS_STANDARD_INCLUDING_64_BIT)";
				BUNDLE_LOADER = "$(BUILT_PRODUCTS_DIR)/MultiScene.app/MultiScene";
				FRAMEWORK_SEARCH_PATHS = (
					"$(SDKROOT)/Developer/Library/Frameworks",
					"$(inherited)",
					"$(DEVELOPER_FRAMEWORKS_DIR)",
				);
				GCC_PRECOMPILE_PREFIX_HEADER = YES;
				GCC_PREFIX_HEADER = "MultiScene/MultiScene-Prefix.pch";
				GCC_PREPROCESSOR_DEFINITIONS = (
					"DEBUG=1",
					"$(inherited)",
				);
				INFOPLIST_FILE = "MultiSceneTests/MultiSceneTests-Info.plist";
				PRODUCT_NAME = "$(TARGET_NAME)";
				TEST_HOST = "$(BUNDLE_LOADER)";
				WRAPPER_EXTENSION = xctest;
			};
			name = Debug;
		};
		AE54FA9A18C5B52D0081F60D /* Release */ = {
			isa = XCBuildConfiguration;
			buildSettings = {
				ARCHS = "$(ARCHS_STANDARD_INCLUDING_64_BIT)";
				BUNDLE_LOADER = "$(BUILT_PRODUCTS_DIR)/MultiScene.app/MultiScene";
				FRAMEWORK_SEARCH_PATHS = (
					"$(SDKROOT)/Developer/Library/Frameworks",
					"$(inherited)",
					"$(DEVELOPER_FRAMEWORKS_DIR)",
				);
				GCC_PRECOMPILE_PREFIX_HEADER = YES;
				GCC_PREFIX_HEADER = "MultiScene/MultiScene-Prefix.pch";
				INFOPLIST_FILE = "MultiSceneTests/MultiSceneTests-Info.plist";
				PRODUCT_NAME = "$(TARGET_NAME)";
				TEST_HOST = "$(BUNDLE_LOADER)";
				WRAPPER_EXTENSION = xctest;
			};
			name = Release;
		};
/* End XCBuildConfiguration section */

/* Begin XCConfigurationList section */
		AE54FA5E18C5B52D0081F60D /* Build configuration list for PBXProject "MultiScene" */ = {
			isa = XCConfigurationList;
			buildConfigurations = (
				AE54FA9318C5B52D0081F60D /* Debug */,
				AE54FA9418C5B52D0081F60D /* Release */,
			);
			defaultConfigurationIsVisible = 0;
			defaultConfigurationName = Release;
		};
		AE54FA9518C5B52D0081F60D /* Build configuration list for PBXNativeTarget "MultiScene" */ = {
			isa = XCConfigurationList;
			buildConfigurations = (
				AE54FA9618C5B52D0081F60D /* Debug */,
				AE54FA9718C5B52D0081F60D /* Release */,
			);
			defaultConfigurationIsVisible = 0;
		};
		AE54FA9818C5B52D0081F60D /* Build configuration list for PBXNativeTarget "MultiSceneTests" */ = {
			isa = XCConfigurationList;
			buildConfigurations = (
				AE54FA9918C5B52D0081F60D /* Debug */,
				AE54FA9A18C5B52D0081F60D /* Release */,
			);
			defaultConfigurationIsVisible = 0;
		};
/* End XCConfigurationList section */
	};
	rootObject = AE54FA5B18C5B52D0081F60D /* Project object */;
}
